
Microsoft Visual Studio Solution File, Format Version 12.00
# Visual Studio Version 16
VisualStudioVersion = 16.0.33328.57
MinimumVisualStudioVersion = 10.0.40219.1
Project("{FAE04EC0-301F-11D3-BF4B-00C04F79EFBC}") = "EventRegistration", "EventRegistration\EventRegistration.csproj", "{AB486D7C-ED5C-4319-A6A0-FA790521361B}"
EndProject
Global
	GlobalSection(SolutionConfigurationPlatforms) = preSolution
		Debug|Any CPU = Debug|Any CPU
		Release|Any CPU = Release|Any CPU
	EndGlobalSection
	GlobalSection(ProjectConfigurationPlatforms) = postSolution
		{AB486D7C-ED5C-4319-A6A0-FA790521361B}.Debug|Any CPU.ActiveCfg = Debug|Any CPU
		{AB486D7C-ED5C-4319-A6A0-FA790521361B}.Debug|Any CPU.Build.0 = Debug|Any CPU
		{AB486D7C-ED5C-4319-A6A0-FA790521361B}.Release|Any CPU.ActiveCfg = Release|Any CPU
		{AB486D7C-ED5C-4319-A6A0-FA790521361B}.Release|Any CPU.Build.0 = Release|Any CPU
	EndGlobalSection
	GlobalSection(SolutionProperties) = preSolution
		HideSolutionNode = FALSE
	EndGlobalSection
	GlobalSection(ExtensibilityGlobals) = postSolution
		SolutionGuid = {54730CA5-460E-4C51-9F8F-57731F14D0FB}
	EndGlobalSection
EndGlobal
